// !$*UTF8*$!
{
	archiveVersion = 1;
	classes = {
	};
	objectVersion = 56;
	objects = {

/* Begin PBXBuildFile section */
		063D82B82A0AFFE4002449F4 /* IOSApp.swift in Sources */ = {isa = PBXBuildFile; fileRef = 063D82B72A0AFFE4002449F4 /* IOSApp.swift */; };
		063D82BA2A0AFFE4002449F4 /* ContentView.swift in Sources */ = {isa = PBXBuildFile; fileRef = 063D82B92A0AFFE4002449F4 /* ContentView.swift */; };
		063D82BC2A0AFFE5002449F4 /* Assets.xcassets in Resources */ = {isa = PBXBuildFile; fileRef = 063D82BB2A0AFFE5002449F4 /* Assets.xcassets */; };
		063D82BF2A0AFFE5002449F4 /* Preview Assets.xcassets in Resources */ = {isa = PBXBuildFile; fileRef = 063D82BE2A0AFFE5002449F4 /* Preview Assets.xcassets */; };
		063D82C92A0AFFE5002449F4 /* IOSTests.swift in Sources */ = {isa = PBXBuildFile; fileRef = 063D82C82A0AFFE5002449F4 /* IOSTests.swift */; };
		063D82D32A0AFFE5002449F4 /* IOSUITests.swift in Sources */ = {isa = PBXBuildFile; fileRef = 063D82D22A0AFFE5002449F4 /* IOSUITests.swift */; };
		063D82D52A0AFFE5002449F4 /* IOSUITestsLaunchTests.swift in Sources */ = {isa = PBXBuildFile; fileRef = 063D82D42A0AFFE5002449F4 /* IOSUITestsLaunchTests.swift */; };
		063D82E22A0B02E4002449F4 /* fontviewer.swift in Sources */ = {isa = PBXBuildFile; fileRef = 063D82E12A0B02E4002449F4 /* fontviewer.swift */; };
		063D82E52A0C382B002449F4 /* FirebaseAnalytics in Frameworks */ = {isa = PBXBuildFile; productRef = 063D82E42A0C382B002449F4 /* FirebaseAnalytics */; };
		063D82E72A0C382B002449F4 /* FirebaseAnalyticsOnDeviceConversion in Frameworks */ = {isa = PBXBuildFile; productRef = 063D82E62A0C382B002449F4 /* FirebaseAnalyticsOnDeviceConversion */; };
		063D82E92A0C382B002449F4 /* FirebaseAnalyticsSwift in Frameworks */ = {isa = PBXBuildFile; productRef = 063D82E82A0C382B002449F4 /* FirebaseAnalyticsSwift */; };
		063D82EB2A0C382B002449F4 /* FirebaseAnalyticsWithoutAdIdSupport in Frameworks */ = {isa = PBXBuildFile; productRef = 063D82EA2A0C382B002449F4 /* FirebaseAnalyticsWithoutAdIdSupport */; };
		063D82ED2A0C382B002449F4 /* FirebaseAppCheck in Frameworks */ = {isa = PBXBuildFile; productRef = 063D82EC2A0C382B002449F4 /* FirebaseAppCheck */; };
		063D82EF2A0C382B002449F4 /* FirebaseAppDistribution-Beta in Frameworks */ = {isa = PBXBuildFile; productRef = 063D82EE2A0C382B002449F4 /* FirebaseAppDistribution-Beta */; };
		063D82F12A0C382B002449F4 /* FirebaseAuth in Frameworks */ = {isa = PBXBuildFile; productRef = 063D82F02A0C382B002449F4 /* FirebaseAuth */; };
		063D82F32A0C382B002449F4 /* FirebaseAuthCombine-Community in Frameworks */ = {isa = PBXBuildFile; productRef = 063D82F22A0C382B002449F4 /* FirebaseAuthCombine-Community */; };
		063D82F52A0C382B002449F4 /* FirebaseCrashlytics in Frameworks */ = {isa = PBXBuildFile; productRef = 063D82F42A0C382B002449F4 /* FirebaseCrashlytics */; };
		063D82F72A0C382B002449F4 /* FirebaseDatabase in Frameworks */ = {isa = PBXBuildFile; productRef = 063D82F62A0C382B002449F4 /* FirebaseDatabase */; };
		063D82F92A0C382B002449F4 /* FirebaseDatabaseSwift in Frameworks */ = {isa = PBXBuildFile; productRef = 063D82F82A0C382B002449F4 /* FirebaseDatabaseSwift */; };
		063D82FB2A0C382B002449F4 /* FirebaseDynamicLinks in Frameworks */ = {isa = PBXBuildFile; productRef = 063D82FA2A0C382B002449F4 /* FirebaseDynamicLinks */; };
		063D82FD2A0C382B002449F4 /* FirebaseFirestore in Frameworks */ = {isa = PBXBuildFile; productRef = 063D82FC2A0C382B002449F4 /* FirebaseFirestore */; };
		063D82FF2A0C382B002449F4 /* FirebaseFirestoreCombine-Community in Frameworks */ = {isa = PBXBuildFile; productRef = 063D82FE2A0C382B002449F4 /* FirebaseFirestoreCombine-Community */; };
		063D83012A0C382B002449F4 /* FirebaseFirestoreSwift in Frameworks */ = {isa = PBXBuildFile; productRef = 063D83002A0C382B002449F4 /* FirebaseFirestoreSwift */; };
		063D83032A0C382B002449F4 /* FirebaseFunctions in Frameworks */ = {isa = PBXBuildFile; productRef = 063D83022A0C382B002449F4 /* FirebaseFunctions */; };
		063D83052A0C382B002449F4 /* FirebaseFunctionsCombine-Community in Frameworks */ = {isa = PBXBuildFile; productRef = 063D83042A0C382B002449F4 /* FirebaseFunctionsCombine-Community */; };
		063D83072A0C382B002449F4 /* FirebaseInAppMessaging-Beta in Frameworks */ = {isa = PBXBuildFile; productRef = 063D83062A0C382B002449F4 /* FirebaseInAppMessaging-Beta */; };
		063D83092A0C382B002449F4 /* FirebaseInAppMessagingSwift-Beta in Frameworks */ = {isa = PBXBuildFile; productRef = 063D83082A0C382B002449F4 /* FirebaseInAppMessagingSwift-Beta */; };
		063D830B2A0C382B002449F4 /* FirebaseInstallations in Frameworks */ = {isa = PBXBuildFile; productRef = 063D830A2A0C382B002449F4 /* FirebaseInstallations */; };
		063D830D2A0C382B002449F4 /* FirebaseMLModelDownloader in Frameworks */ = {isa = PBXBuildFile; productRef = 063D830C2A0C382B002449F4 /* FirebaseMLModelDownloader */; };
		063D830F2A0C382B002449F4 /* FirebaseMessaging in Frameworks */ = {isa = PBXBuildFile; productRef = 063D830E2A0C382B002449F4 /* FirebaseMessaging */; };
		063D83112A0C382B002449F4 /* FirebasePerformance in Frameworks */ = {isa = PBXBuildFile; productRef = 063D83102A0C382B002449F4 /* FirebasePerformance */; };
		063D83132A0C382B002449F4 /* FirebaseRemoteConfig in Frameworks */ = {isa = PBXBuildFile; productRef = 063D83122A0C382B002449F4 /* FirebaseRemoteConfig */; };
		063D83152A0C382B002449F4 /* FirebaseRemoteConfigSwift in Frameworks */ = {isa = PBXBuildFile; productRef = 063D83142A0C382B002449F4 /* FirebaseRemoteConfigSwift */; };
		063D83172A0C382B002449F4 /* FirebaseStorage in Frameworks */ = {isa = PBXBuildFile; productRef = 063D83162A0C382B002449F4 /* FirebaseStorage */; };
		063D83192A0C382B002449F4 /* FirebaseStorageCombine-Community in Frameworks */ = {isa = PBXBuildFile; productRef = 063D83182A0C382B002449F4 /* FirebaseStorageCombine-Community */; };
		063D831B2A0F455C002449F4 /* GoogleService-Info.plist in Resources */ = {isa = PBXBuildFile; fileRef = 063D831A2A0F455C002449F4 /* GoogleService-Info.plist */; };
		0675124E2A5BA4AB000E19F5 /* SwiftUIX in Frameworks */ = {isa = PBXBuildFile; productRef = 0675124D2A5BA4AB000E19F5 /* SwiftUIX */; };
		0680A60A2A62F2B30005A8BC /* ProfileView.swift in Sources */ = {isa = PBXBuildFile; fileRef = 0680A6092A62F2B30005A8BC /* ProfileView.swift */; };
		0680A60C2A6B17A80005A8BC /* OtherSustainableView.swift in Sources */ = {isa = PBXBuildFile; fileRef = 0680A60B2A6B17A80005A8BC /* OtherSustainableView.swift */; };
		06858B632A3F491700B2D5C1 /* HomeView.swift in Sources */ = {isa = PBXBuildFile; fileRef = 06858B622A3F491700B2D5C1 /* HomeView.swift */; };
		06AFF8482A3FF7F300914586 /* AddTabView.swift in Sources */ = {isa = PBXBuildFile; fileRef = 06AFF8472A3FF7F300914586 /* AddTabView.swift */; };
		06C668632A46754000746229 /* TabBar in Frameworks */ = {isa = PBXBuildFile; productRef = 06C668622A46754000746229 /* TabBar */; };
		06C668792A4BD7BD00746229 /* CITTopTabBar in Frameworks */ = {isa = PBXBuildFile; productRef = 06C668782A4BD7BD00746229 /* CITTopTabBar */; };
		06C668832A50A7BB00746229 /* AddView.swift in Sources */ = {isa = PBXBuildFile; fileRef = 06C668822A50A7BB00746229 /* AddView.swift */; };
		06C6688D2A52364C00746229 /* SolarPanelView.swift in Sources */ = {isa = PBXBuildFile; fileRef = 06C6688C2A52364C00746229 /* SolarPanelView.swift */; };
		06C6688F2A52370300746229 /* ElectricCarView.swift in Sources */ = {isa = PBXBuildFile; fileRef = 06C6688E2A52370300746229 /* ElectricCarView.swift */; };
		06C668912A52378500746229 /* ElectricStoveView.swift in Sources */ = {isa = PBXBuildFile; fileRef = 06C668902A52378500746229 /* ElectricStoveView.swift */; };
		06EE8A0D2A5E465800911960 /* TransactionView.swift in Sources */ = {isa = PBXBuildFile; fileRef = 06EE8A0C2A5E465800911960 /* TransactionView.swift */; };
/* End PBXBuildFile section */

/* Begin PBXContainerItemProxy section */
		063D82C52A0AFFE5002449F4 /* PBXContainerItemProxy */ = {
			isa = PBXContainerItemProxy;
			containerPortal = 063D82AC2A0AFFE4002449F4 /* Project object */;
			proxyType = 1;
			remoteGlobalIDString = 063D82B32A0AFFE4002449F4;
			remoteInfo = IOS;
		};
		063D82CF2A0AFFE5002449F4 /* PBXContainerItemProxy */ = {
			isa = PBXContainerItemProxy;
			containerPortal = 063D82AC2A0AFFE4002449F4 /* Project object */;
			proxyType = 1;
			remoteGlobalIDString = 063D82B32A0AFFE4002449F4;
			remoteInfo = IOS;
		};
/* End PBXContainerItemProxy section */

/* Begin PBXFileReference section */
		063D82B42A0AFFE4002449F4 /* IOS.app */ = {isa = PBXFileReference; explicitFileType = wrapper.application; includeInIndex = 0; path = IOS.app; sourceTree = BUILT_PRODUCTS_DIR; };
		063D82B72A0AFFE4002449F4 /* IOSApp.swift */ = {isa = PBXFileReference; lastKnownFileType = sourcecode.swift; path = IOSApp.swift; sourceTree = "<group>"; };
		063D82B92A0AFFE4002449F4 /* ContentView.swift */ = {isa = PBXFileReference; lastKnownFileType = sourcecode.swift; path = ContentView.swift; sourceTree = "<group>"; };
		063D82BB2A0AFFE5002449F4 /* Assets.xcassets */ = {isa = PBXFileReference; lastKnownFileType = folder.assetcatalog; path = Assets.xcassets; sourceTree = "<group>"; };
		063D82BE2A0AFFE5002449F4 /* Preview Assets.xcassets */ = {isa = PBXFileReference; lastKnownFileType = folder.assetcatalog; path = "Preview Assets.xcassets"; sourceTree = "<group>"; };
		063D82C42A0AFFE5002449F4 /* IOSTests.xctest */ = {isa = PBXFileReference; explicitFileType = wrapper.cfbundle; includeInIndex = 0; path = IOSTests.xctest; sourceTree = BUILT_PRODUCTS_DIR; };
		063D82C82A0AFFE5002449F4 /* IOSTests.swift */ = {isa = PBXFileReference; lastKnownFileType = sourcecode.swift; path = IOSTests.swift; sourceTree = "<group>"; };
		063D82CE2A0AFFE5002449F4 /* IOSUITests.xctest */ = {isa = PBXFileReference; explicitFileType = wrapper.cfbundle; includeInIndex = 0; path = IOSUITests.xctest; sourceTree = BUILT_PRODUCTS_DIR; };
		063D82D22A0AFFE5002449F4 /* IOSUITests.swift */ = {isa = PBXFileReference; lastKnownFileType = sourcecode.swift; path = IOSUITests.swift; sourceTree = "<group>"; };
		063D82D42A0AFFE5002449F4 /* IOSUITestsLaunchTests.swift */ = {isa = PBXFileReference; lastKnownFileType = sourcecode.swift; path = IOSUITestsLaunchTests.swift; sourceTree = "<group>"; };
		063D82E12A0B02E4002449F4 /* fontviewer.swift */ = {isa = PBXFileReference; lastKnownFileType = sourcecode.swift; path = fontviewer.swift; sourceTree = "<group>"; };
		063D831A2A0F455C002449F4 /* GoogleService-Info.plist */ = {isa = PBXFileReference; fileEncoding = 4; lastKnownFileType = text.plist.xml; name = "GoogleService-Info.plist"; path = "../../../Downloads/GoogleService-Info.plist"; sourceTree = "<group>"; };
		0680A6092A62F2B30005A8BC /* ProfileView.swift */ = {isa = PBXFileReference; lastKnownFileType = sourcecode.swift; path = ProfileView.swift; sourceTree = "<group>"; };
		0680A60B2A6B17A80005A8BC /* OtherSustainableView.swift */ = {isa = PBXFileReference; lastKnownFileType = sourcecode.swift; path = OtherSustainableView.swift; sourceTree = "<group>"; };
		06858B622A3F491700B2D5C1 /* HomeView.swift */ = {isa = PBXFileReference; lastKnownFileType = sourcecode.swift; path = HomeView.swift; sourceTree = "<group>"; };
		06AFF8472A3FF7F300914586 /* AddTabView.swift */ = {isa = PBXFileReference; lastKnownFileType = sourcecode.swift; path = AddTabView.swift; sourceTree = "<group>"; };
		06C668822A50A7BB00746229 /* AddView.swift */ = {isa = PBXFileReference; lastKnownFileType = sourcecode.swift; path = AddView.swift; sourceTree = "<group>"; };
		06C6688C2A52364C00746229 /* SolarPanelView.swift */ = {isa = PBXFileReference; lastKnownFileType = sourcecode.swift; path = SolarPanelView.swift; sourceTree = "<group>"; };
		06C6688E2A52370300746229 /* ElectricCarView.swift */ = {isa = PBXFileReference; lastKnownFileType = sourcecode.swift; path = ElectricCarView.swift; sourceTree = "<group>"; };
		06C668902A52378500746229 /* ElectricStoveView.swift */ = {isa = PBXFileReference; lastKnownFileType = sourcecode.swift; path = ElectricStoveView.swift; sourceTree = "<group>"; };
		06EE8A0C2A5E465800911960 /* TransactionView.swift */ = {isa = PBXFileReference; lastKnownFileType = sourcecode.swift; path = TransactionView.swift; sourceTree = "<group>"; };
/* End PBXFileReference section */

/* Begin PBXFrameworksBuildPhase section */
		063D82B12A0AFFE4002449F4 /* Frameworks */ = {
			isa = PBXFrameworksBuildPhase;
			buildActionMask = 2147483647;
			files = (
				063D82F72A0C382B002449F4 /* FirebaseDatabase in Frameworks */,
				063D83052A0C382B002449F4 /* FirebaseFunctionsCombine-Community in Frameworks */,
				06C668632A46754000746229 /* TabBar in Frameworks */,
				0675124E2A5BA4AB000E19F5 /* SwiftUIX in Frameworks */,
				063D82FD2A0C382B002449F4 /* FirebaseFirestore in Frameworks */,
				063D82E92A0C382B002449F4 /* FirebaseAnalyticsSwift in Frameworks */,
				063D82E52A0C382B002449F4 /* FirebaseAnalytics in Frameworks */,
				063D82E72A0C382B002449F4 /* FirebaseAnalyticsOnDeviceConversion in Frameworks */,
				063D830D2A0C382B002449F4 /* FirebaseMLModelDownloader in Frameworks */,
				063D83012A0C382B002449F4 /* FirebaseFirestoreSwift in Frameworks */,
				063D82ED2A0C382B002449F4 /* FirebaseAppCheck in Frameworks */,
				063D82EB2A0C382B002449F4 /* FirebaseAnalyticsWithoutAdIdSupport in Frameworks */,
				063D82F12A0C382B002449F4 /* FirebaseAuth in Frameworks */,
				063D82F52A0C382B002449F4 /* FirebaseCrashlytics in Frameworks */,
				063D83152A0C382B002449F4 /* FirebaseRemoteConfigSwift in Frameworks */,
				063D83072A0C382B002449F4 /* FirebaseInAppMessaging-Beta in Frameworks */,
				063D82F92A0C382B002449F4 /* FirebaseDatabaseSwift in Frameworks */,
				063D83032A0C382B002449F4 /* FirebaseFunctions in Frameworks */,
				063D83192A0C382B002449F4 /* FirebaseStorageCombine-Community in Frameworks */,
				063D83132A0C382B002449F4 /* FirebaseRemoteConfig in Frameworks */,
				063D82EF2A0C382B002449F4 /* FirebaseAppDistribution-Beta in Frameworks */,
				06C668792A4BD7BD00746229 /* CITTopTabBar in Frameworks */,
				063D82F32A0C382B002449F4 /* FirebaseAuthCombine-Community in Frameworks */,
				063D83112A0C382B002449F4 /* FirebasePerformance in Frameworks */,
				063D83092A0C382B002449F4 /* FirebaseInAppMessagingSwift-Beta in Frameworks */,
				063D83172A0C382B002449F4 /* FirebaseStorage in Frameworks */,
				063D82FB2A0C382B002449F4 /* FirebaseDynamicLinks in Frameworks */,
				063D82FF2A0C382B002449F4 /* FirebaseFirestoreCombine-Community in Frameworks */,
				063D830F2A0C382B002449F4 /* FirebaseMessaging in Frameworks */,
				063D830B2A0C382B002449F4 /* FirebaseInstallations in Frameworks */,
			);
			runOnlyForDeploymentPostprocessing = 0;
		};
		063D82C12A0AFFE5002449F4 /* Frameworks */ = {
			isa = PBXFrameworksBuildPhase;
			buildActionMask = 2147483647;
			files = (
			);
			runOnlyForDeploymentPostprocessing = 0;
		};
		063D82CB2A0AFFE5002449F4 /* Frameworks */ = {
			isa = PBXFrameworksBuildPhase;
			buildActionMask = 2147483647;
			files = (
			);
			runOnlyForDeploymentPostprocessing = 0;
		};
/* End PBXFrameworksBuildPhase section */

/* Begin PBXGroup section */
		063D82AB2A0AFFE4002449F4 = {
			isa = PBXGroup;
			children = (
				063D82B62A0AFFE4002449F4 /* IOS */,
				063D82C72A0AFFE5002449F4 /* IOSTests */,
				063D82D12A0AFFE5002449F4 /* IOSUITests */,
				063D82B52A0AFFE4002449F4 /* Products */,
			);
			sourceTree = "<group>";
		};
		063D82B52A0AFFE4002449F4 /* Products */ = {
			isa = PBXGroup;
			children = (
				063D82B42A0AFFE4002449F4 /* IOS.app */,
				063D82C42A0AFFE5002449F4 /* IOSTests.xctest */,
				063D82CE2A0AFFE5002449F4 /* IOSUITests.xctest */,
			);
			name = Products;
			sourceTree = "<group>";
		};
		063D82B62A0AFFE4002449F4 /* IOS */ = {
			isa = PBXGroup;
			children = (
				063D831A2A0F455C002449F4 /* GoogleService-Info.plist */,
				063D82B72A0AFFE4002449F4 /* IOSApp.swift */,
				063D82B92A0AFFE4002449F4 /* ContentView.swift */,
				06858B622A3F491700B2D5C1 /* HomeView.swift */,
				06C668822A50A7BB00746229 /* AddView.swift */,
				06EE8A0C2A5E465800911960 /* TransactionView.swift */,
				06C6688E2A52370300746229 /* ElectricCarView.swift */,
				06C668902A52378500746229 /* ElectricStoveView.swift */,
				0680A60B2A6B17A80005A8BC /* OtherSustainableView.swift */,
				06C6688C2A52364C00746229 /* SolarPanelView.swift */,
				06AFF8472A3FF7F300914586 /* AddTabView.swift */,
				063D82E12A0B02E4002449F4 /* fontviewer.swift */,
				0680A6092A62F2B30005A8BC /* ProfileView.swift */,
				063D82BB2A0AFFE5002449F4 /* Assets.xcassets */,
				063D82BD2A0AFFE5002449F4 /* Preview Content */,
			);
			path = IOS;
			sourceTree = "<group>";
		};
		063D82BD2A0AFFE5002449F4 /* Preview Content */ = {
			isa = PBXGroup;
			children = (
				063D82BE2A0AFFE5002449F4 /* Preview Assets.xcassets */,
			);
			path = "Preview Content";
			sourceTree = "<group>";
		};
		063D82C72A0AFFE5002449F4 /* IOSTests */ = {
			isa = PBXGroup;
			children = (
				063D82C82A0AFFE5002449F4 /* IOSTests.swift */,
			);
			path = IOSTests;
			sourceTree = "<group>";
		};
		063D82D12A0AFFE5002449F4 /* IOSUITests */ = {
			isa = PBXGroup;
			children = (
				063D82D22A0AFFE5002449F4 /* IOSUITests.swift */,
				063D82D42A0AFFE5002449F4 /* IOSUITestsLaunchTests.swift */,
			);
			path = IOSUITests;
			sourceTree = "<group>";
		};
/* End PBXGroup section */

/* Begin PBXNativeTarget section */
		063D82B32A0AFFE4002449F4 /* IOS */ = {
			isa = PBXNativeTarget;
			buildConfigurationList = 063D82D82A0AFFE5002449F4 /* Build configuration list for PBXNativeTarget "IOS" */;
			buildPhases = (
				063D82B02A0AFFE4002449F4 /* Sources */,
				063D82B12A0AFFE4002449F4 /* Frameworks */,
				063D82B22A0AFFE4002449F4 /* Resources */,
			);
			buildRules = (
			);
			dependencies = (
			);
			name = IOS;
			packageProductDependencies = (
				063D82E42A0C382B002449F4 /* FirebaseAnalytics */,
				063D82E62A0C382B002449F4 /* FirebaseAnalyticsOnDeviceConversion */,
				063D82E82A0C382B002449F4 /* FirebaseAnalyticsSwift */,
				063D82EA2A0C382B002449F4 /* FirebaseAnalyticsWithoutAdIdSupport */,
				063D82EC2A0C382B002449F4 /* FirebaseAppCheck */,
				063D82EE2A0C382B002449F4 /* FirebaseAppDistribution-Beta */,
				063D82F02A0C382B002449F4 /* FirebaseAuth */,
				063D82F22A0C382B002449F4 /* FirebaseAuthCombine-Community */,
				063D82F42A0C382B002449F4 /* FirebaseCrashlytics */,
				063D82F62A0C382B002449F4 /* FirebaseDatabase */,
				063D82F82A0C382B002449F4 /* FirebaseDatabaseSwift */,
				063D82FA2A0C382B002449F4 /* FirebaseDynamicLinks */,
				063D82FC2A0C382B002449F4 /* FirebaseFirestore */,
				063D82FE2A0C382B002449F4 /* FirebaseFirestoreCombine-Community */,
				063D83002A0C382B002449F4 /* FirebaseFirestoreSwift */,
				063D83022A0C382B002449F4 /* FirebaseFunctions */,
				063D83042A0C382B002449F4 /* FirebaseFunctionsCombine-Community */,
				063D83062A0C382B002449F4 /* FirebaseInAppMessaging-Beta */,
				063D83082A0C382B002449F4 /* FirebaseInAppMessagingSwift-Beta */,
				063D830A2A0C382B002449F4 /* FirebaseInstallations */,
				063D830C2A0C382B002449F4 /* FirebaseMLModelDownloader */,
				063D830E2A0C382B002449F4 /* FirebaseMessaging */,
				063D83102A0C382B002449F4 /* FirebasePerformance */,
				063D83122A0C382B002449F4 /* FirebaseRemoteConfig */,
				063D83142A0C382B002449F4 /* FirebaseRemoteConfigSwift */,
				063D83162A0C382B002449F4 /* FirebaseStorage */,
				063D83182A0C382B002449F4 /* FirebaseStorageCombine-Community */,
				06C668622A46754000746229 /* TabBar */,
				06C668782A4BD7BD00746229 /* CITTopTabBar */,
				0675124D2A5BA4AB000E19F5 /* SwiftUIX */,
			);
			productName = IOS;
			productReference = 063D82B42A0AFFE4002449F4 /* IOS.app */;
			productType = "com.apple.product-type.application";
		};
		063D82C32A0AFFE5002449F4 /* IOSTests */ = {
			isa = PBXNativeTarget;
			buildConfigurationList = 063D82DB2A0AFFE5002449F4 /* Build configuration list for PBXNativeTarget "IOSTests" */;
			buildPhases = (
				063D82C02A0AFFE5002449F4 /* Sources */,
				063D82C12A0AFFE5002449F4 /* Frameworks */,
				063D82C22A0AFFE5002449F4 /* Resources */,
			);
			buildRules = (
			);
			dependencies = (
				063D82C62A0AFFE5002449F4 /* PBXTargetDependency */,
			);
			name = IOSTests;
			productName = IOSTests;
			productReference = 063D82C42A0AFFE5002449F4 /* IOSTests.xctest */;
			productType = "com.apple.product-type.bundle.unit-test";
		};
		063D82CD2A0AFFE5002449F4 /* IOSUITests */ = {
			isa = PBXNativeTarget;
			buildConfigurationList = 063D82DE2A0AFFE5002449F4 /* Build configuration list for PBXNativeTarget "IOSUITests" */;
			buildPhases = (
				063D82CA2A0AFFE5002449F4 /* Sources */,
				063D82CB2A0AFFE5002449F4 /* Frameworks */,
				063D82CC2A0AFFE5002449F4 /* Resources */,
			);
			buildRules = (
			);
			dependencies = (
				063D82D02A0AFFE5002449F4 /* PBXTargetDependency */,
			);
			name = IOSUITests;
			productName = IOSUITests;
			productReference = 063D82CE2A0AFFE5002449F4 /* IOSUITests.xctest */;
			productType = "com.apple.product-type.bundle.ui-testing";
		};
/* End PBXNativeTarget section */

/* Begin PBXProject section */
		063D82AC2A0AFFE4002449F4 /* Project object */ = {
			isa = PBXProject;
			attributes = {
				BuildIndependentTargetsInParallel = 1;
				LastSwiftUpdateCheck = 1430;
				LastUpgradeCheck = 1430;
				TargetAttributes = {
					063D82B32A0AFFE4002449F4 = {
						CreatedOnToolsVersion = 14.3;
					};
					063D82C32A0AFFE5002449F4 = {
						CreatedOnToolsVersion = 14.3;
						TestTargetID = 063D82B32A0AFFE4002449F4;
					};
					063D82CD2A0AFFE5002449F4 = {
						CreatedOnToolsVersion = 14.3;
						TestTargetID = 063D82B32A0AFFE4002449F4;
					};
				};
			};
			buildConfigurationList = 063D82AF2A0AFFE4002449F4 /* Build configuration list for PBXProject "IOS" */;
			compatibilityVersion = "Xcode 14.0";
			developmentRegion = en;
			hasScannedForEncodings = 0;
			knownRegions = (
				en,
				Base,
			);
			mainGroup = 063D82AB2A0AFFE4002449F4;
			packageReferences = (
				063D82E32A0C382B002449F4 /* XCRemoteSwiftPackageReference "firebase-ios-sdk" */,
				06C668612A46754000746229 /* XCRemoteSwiftPackageReference "TabBar" */,
				06C668772A4BD7BD00746229 /* XCRemoteSwiftPackageReference "TopTabBar-iOS-Component" */,
				0675124C2A5BA4AB000E19F5 /* XCRemoteSwiftPackageReference "SwiftUIX" */,
			);
			productRefGroup = 063D82B52A0AFFE4002449F4 /* Products */;
			projectDirPath = "";
			projectRoot = "";
			targets = (
				063D82B32A0AFFE4002449F4 /* IOS */,
				063D82C32A0AFFE5002449F4 /* IOSTests */,
				063D82CD2A0AFFE5002449F4 /* IOSUITests */,
			);
		};
/* End PBXProject section */

/* Begin PBXResourcesBuildPhase section */
		063D82B22A0AFFE4002449F4 /* Resources */ = {
			isa = PBXResourcesBuildPhase;
			buildActionMask = 2147483647;
			files = (
				063D82BF2A0AFFE5002449F4 /* Preview Assets.xcassets in Resources */,
				063D82BC2A0AFFE5002449F4 /* Assets.xcassets in Resources */,
				063D831B2A0F455C002449F4 /* GoogleService-Info.plist in Resources */,
			);
			runOnlyForDeploymentPostprocessing = 0;
		};
		063D82C22A0AFFE5002449F4 /* Resources */ = {
			isa = PBXResourcesBuildPhase;
			buildActionMask = 2147483647;
			files = (
			);
			runOnlyForDeploymentPostprocessing = 0;
		};
		063D82CC2A0AFFE5002449F4 /* Resources */ = {
			isa = PBXResourcesBuildPhase;
			buildActionMask = 2147483647;
			files = (
			);
			runOnlyForDeploymentPostprocessing = 0;
		};
/* End PBXResourcesBuildPhase section */

/* Begin PBXSourcesBuildPhase section */
		063D82B02A0AFFE4002449F4 /* Sources */ = {
			isa = PBXSourcesBuildPhase;
			buildActionMask = 2147483647;
			files = (
				06AFF8482A3FF7F300914586 /* AddTabView.swift in Sources */,
				063D82BA2A0AFFE4002449F4 /* ContentView.swift in Sources */,
				06C668832A50A7BB00746229 /* AddView.swift in Sources */,
				063D82B82A0AFFE4002449F4 /* IOSApp.swift in Sources */,
				06C6688F2A52370300746229 /* ElectricCarView.swift in Sources */,
				06C6688D2A52364C00746229 /* SolarPanelView.swift in Sources */,
				06858B632A3F491700B2D5C1 /* HomeView.swift in Sources */,
				06EE8A0D2A5E465800911960 /* TransactionView.swift in Sources */,
				06C668912A52378500746229 /* ElectricStoveView.swift in Sources */,
				0680A60C2A6B17A80005A8BC /* OtherSustainableView.swift in Sources */,
				0680A60A2A62F2B30005A8BC /* ProfileView.swift in Sources */,
				063D82E22A0B02E4002449F4 /* fontviewer.swift in Sources */,
			);
			runOnlyForDeploymentPostprocessing = 0;
		};
		063D82C02A0AFFE5002449F4 /* Sources */ = {
			isa = PBXSourcesBuildPhase;
			buildActionMask = 2147483647;
			files = (
				063D82C92A0AFFE5002449F4 /* IOSTests.swift in Sources */,
			);
			runOnlyForDeploymentPostprocessing = 0;
		};
		063D82CA2A0AFFE5002449F4 /* Sources */ = {
			isa = PBXSourcesBuildPhase;
			buildActionMask = 2147483647;
			files = (
				063D82D52A0AFFE5002449F4 /* IOSUITestsLaunchTests.swift in Sources */,
				063D82D32A0AFFE5002449F4 /* IOSUITests.swift in Sources */,
			);
			runOnlyForDeploymentPostprocessing = 0;
		};
/* End PBXSourcesBuildPhase section */

/* Begin PBXTargetDependency section */
		063D82C62A0AFFE5002449F4 /* PBXTargetDependency */ = {
			isa = PBXTargetDependency;
			target = 063D82B32A0AFFE4002449F4 /* IOS */;
			targetProxy = 063D82C52A0AFFE5002449F4 /* PBXContainerItemProxy */;
		};
		063D82D02A0AFFE5002449F4 /* PBXTargetDependency */ = {
			isa = PBXTargetDependency;
			target = 063D82B32A0AFFE4002449F4 /* IOS */;
			targetProxy = 063D82CF2A0AFFE5002449F4 /* PBXContainerItemProxy */;
		};
/* End PBXTargetDependency section */

/* Begin XCBuildConfiguration section */
		063D82D62A0AFFE5002449F4 /* Debug */ = {
			isa = XCBuildConfiguration;
			buildSettings = {
				ALWAYS_SEARCH_USER_PATHS = NO;
				CLANG_ANALYZER_NONNULL = YES;
				CLANG_ANALYZER_NUMBER_OBJECT_CONVERSION = YES_AGGRESSIVE;
				CLANG_CXX_LANGUAGE_STANDARD = "gnu++20";
				CLANG_ENABLE_MODULES = YES;
				CLANG_ENABLE_OBJC_ARC = YES;
				CLANG_ENABLE_OBJC_WEAK = YES;
				CLANG_WARN_BLOCK_CAPTURE_AUTORELEASING = YES;
				CLANG_WARN_BOOL_CONVERSION = YES;
				CLANG_WARN_COMMA = YES;
				CLANG_WARN_CONSTANT_CONVERSION = YES;
				CLANG_WARN_DEPRECATED_OBJC_IMPLEMENTATIONS = YES;
				CLANG_WARN_DIRECT_OBJC_ISA_USAGE = YES_ERROR;
				CLANG_WARN_DOCUMENTATION_COMMENTS = YES;
				CLANG_WARN_EMPTY_BODY = YES;
				CLANG_WARN_ENUM_CONVERSION = YES;
				CLANG_WARN_INFINITE_RECURSION = YES;
				CLANG_WARN_INT_CONVERSION = YES;
				CLANG_WARN_NON_LITERAL_NULL_CONVERSION = YES;
				CLANG_WARN_OBJC_IMPLICIT_RETAIN_SELF = YES;
				CLANG_WARN_OBJC_LITERAL_CONVERSION = YES;
				CLANG_WARN_OBJC_ROOT_CLASS = YES_ERROR;
				CLANG_WARN_QUOTED_INCLUDE_IN_FRAMEWORK_HEADER = YES;
				CLANG_WARN_RANGE_LOOP_ANALYSIS = YES;
				CLANG_WARN_STRICT_PROTOTYPES = YES;
				CLANG_WARN_SUSPICIOUS_MOVE = YES;
				CLANG_WARN_UNGUARDED_AVAILABILITY = YES_AGGRESSIVE;
				CLANG_WARN_UNREACHABLE_CODE = YES;
				CLANG_WARN__DUPLICATE_METHOD_MATCH = YES;
				COPY_PHASE_STRIP = NO;
				DEBUG_INFORMATION_FORMAT = dwarf;
				ENABLE_STRICT_OBJC_MSGSEND = YES;
				ENABLE_TESTABILITY = YES;
				GCC_C_LANGUAGE_STANDARD = gnu11;
				GCC_DYNAMIC_NO_PIC = NO;
				GCC_NO_COMMON_BLOCKS = YES;
				GCC_OPTIMIZATION_LEVEL = 0;
				GCC_PREPROCESSOR_DEFINITIONS = (
					"DEBUG=1",
					"$(inherited)",
				);
				GCC_WARN_64_TO_32_BIT_CONVERSION = YES;
				GCC_WARN_ABOUT_RETURN_TYPE = YES_ERROR;
				GCC_WARN_UNDECLARED_SELECTOR = YES;
				GCC_WARN_UNINITIALIZED_AUTOS = YES_AGGRESSIVE;
				GCC_WARN_UNUSED_FUNCTION = YES;
				GCC_WARN_UNUSED_VARIABLE = YES;
				IPHONEOS_DEPLOYMENT_TARGET = 16.4;
				MTL_ENABLE_DEBUG_INFO = INCLUDE_SOURCE;
				MTL_FAST_MATH = YES;
				ONLY_ACTIVE_ARCH = YES;
				SDKROOT = iphoneos;
				SWIFT_ACTIVE_COMPILATION_CONDITIONS = DEBUG;
				SWIFT_OPTIMIZATION_LEVEL = "-Onone";
			};
			name = Debug;
		};
		063D82D72A0AFFE5002449F4 /* Release */ = {
			isa = XCBuildConfiguration;
			buildSettings = {
				ALWAYS_SEARCH_USER_PATHS = NO;
				CLANG_ANALYZER_NONNULL = YES;
				CLANG_ANALYZER_NUMBER_OBJECT_CONVERSION = YES_AGGRESSIVE;
				CLANG_CXX_LANGUAGE_STANDARD = "gnu++20";
				CLANG_ENABLE_MODULES = YES;
				CLANG_ENABLE_OBJC_ARC = YES;
				CLANG_ENABLE_OBJC_WEAK = YES;
				CLANG_WARN_BLOCK_CAPTURE_AUTORELEASING = YES;
				CLANG_WARN_BOOL_CONVERSION = YES;
				CLANG_WARN_COMMA = YES;
				CLANG_WARN_CONSTANT_CONVERSION = YES;
				CLANG_WARN_DEPRECATED_OBJC_IMPLEMENTATIONS = YES;
				CLANG_WARN_DIRECT_OBJC_ISA_USAGE = YES_ERROR;
				CLANG_WARN_DOCUMENTATION_COMMENTS = YES;
				CLANG_WARN_EMPTY_BODY = YES;
				CLANG_WARN_ENUM_CONVERSION = YES;
				CLANG_WARN_INFINITE_RECURSION = YES;
				CLANG_WARN_INT_CONVERSION = YES;
				CLANG_WARN_NON_LITERAL_NULL_CONVERSION = YES;
				CLANG_WARN_OBJC_IMPLICIT_RETAIN_SELF = YES;
				CLANG_WARN_OBJC_LITERAL_CONVERSION = YES;
				CLANG_WARN_OBJC_ROOT_CLASS = YES_ERROR;
				CLANG_WARN_QUOTED_INCLUDE_IN_FRAMEWORK_HEADER = YES;
				CLANG_WARN_RANGE_LOOP_ANALYSIS = YES;
				CLANG_WARN_STRICT_PROTOTYPES = YES;
				CLANG_WARN_SUSPICIOUS_MOVE = YES;
				CLANG_WARN_UNGUARDED_AVAILABILITY = YES_AGGRESSIVE;
				CLANG_WARN_UNREACHABLE_CODE = YES;
				CLANG_WARN__DUPLICATE_METHOD_MATCH = YES;
				COPY_PHASE_STRIP = NO;
				DEBUG_INFORMATION_FORMAT = "dwarf-with-dsym";
				ENABLE_NS_ASSERTIONS = NO;
				ENABLE_STRICT_OBJC_MSGSEND = YES;
				GCC_C_LANGUAGE_STANDARD = gnu11;
				GCC_NO_COMMON_BLOCKS = YES;
				GCC_WARN_64_TO_32_BIT_CONVERSION = YES;
				GCC_WARN_ABOUT_RETURN_TYPE = YES_ERROR;
				GCC_WARN_UNDECLARED_SELECTOR = YES;
				GCC_WARN_UNINITIALIZED_AUTOS = YES_AGGRESSIVE;
				GCC_WARN_UNUSED_FUNCTION = YES;
				GCC_WARN_UNUSED_VARIABLE = YES;
				IPHONEOS_DEPLOYMENT_TARGET = 16.4;
				MTL_ENABLE_DEBUG_INFO = NO;
				MTL_FAST_MATH = YES;
				SDKROOT = iphoneos;
				SWIFT_COMPILATION_MODE = wholemodule;
				SWIFT_OPTIMIZATION_LEVEL = "-O";
				VALIDATE_PRODUCT = YES;
			};
			name = Release;
		};
		063D82D92A0AFFE5002449F4 /* Debug */ = {
			isa = XCBuildConfiguration;
			buildSettings = {
				ASSETCATALOG_COMPILER_APPICON_NAME = AppIcon;
				ASSETCATALOG_COMPILER_GLOBAL_ACCENT_COLOR_NAME = AccentColor;
				ASSETCATALOG_COMPILER_INCLUDE_ALL_APPICON_ASSETS = YES;
				CODE_SIGN_STYLE = Automatic;
				CURRENT_PROJECT_VERSION = 1;
				DEVELOPMENT_ASSET_PATHS = "\"IOS/Preview Content\"";
				DEVELOPMENT_TEAM = 8QH9YSPT6R;
				ENABLE_PREVIEWS = YES;
				GENERATE_INFOPLIST_FILE = YES;
				INFOPLIST_KEY_CFBundleDisplayName = PaidPlanet;
				INFOPLIST_KEY_LSApplicationCategoryType = "public.app-category.finance";
				INFOPLIST_KEY_UIApplicationSceneManifest_Generation = YES;
				INFOPLIST_KEY_UIApplicationSupportsIndirectInputEvents = YES;
				INFOPLIST_KEY_UILaunchScreen_Generation = YES;
				INFOPLIST_KEY_UIStatusBarStyle = "";
				INFOPLIST_KEY_UISupportedInterfaceOrientations = UIInterfaceOrientationPortrait;
				IPHONEOS_DEPLOYMENT_TARGET = 14.0;
				LD_RUNPATH_SEARCH_PATHS = (
					"$(inherited)",
					"@executable_path/Frameworks",
				);
				MARKETING_VERSION = 1.0;
				PRODUCT_BUNDLE_IDENTIFIER = PaidPlanet.IOS;
				PRODUCT_NAME = "$(TARGET_NAME)";
				SWIFT_EMIT_LOC_STRINGS = YES;
				SWIFT_VERSION = 5.0;
				TARGETED_DEVICE_FAMILY = "1,2";
			};
			name = Debug;
		};
		063D82DA2A0AFFE5002449F4 /* Release */ = {
			isa = XCBuildConfiguration;
			buildSettings = {
				ASSETCATALOG_COMPILER_APPICON_NAME = AppIcon;
				ASSETCATALOG_COMPILER_GLOBAL_ACCENT_COLOR_NAME = AccentColor;
				ASSETCATALOG_COMPILER_INCLUDE_ALL_APPICON_ASSETS = YES;
				CODE_SIGN_STYLE = Automatic;
				CURRENT_PROJECT_VERSION = 1;
				DEVELOPMENT_ASSET_PATHS = "\"IOS/Preview Content\"";
				DEVELOPMENT_TEAM = 8QH9YSPT6R;
				ENABLE_PREVIEWS = YES;
				GENERATE_INFOPLIST_FILE = YES;
				INFOPLIST_KEY_CFBundleDisplayName = PaidPlanet;
				INFOPLIST_KEY_LSApplicationCategoryType = "public.app-category.finance";
				INFOPLIST_KEY_UIApplicationSceneManifest_Generation = YES;
				INFOPLIST_KEY_UIApplicationSupportsIndirectInputEvents = YES;
				INFOPLIST_KEY_UILaunchScreen_Generation = YES;
				INFOPLIST_KEY_UIStatusBarStyle = "";
				INFOPLIST_KEY_UISupportedInterfaceOrientations = UIInterfaceOrientationPortrait;
				IPHONEOS_DEPLOYMENT_TARGET = 14.0;
				LD_RUNPATH_SEARCH_PATHS = (
					"$(inherited)",
					"@executable_path/Frameworks",
				);
				MARKETING_VERSION = 1.0;
				PRODUCT_BUNDLE_IDENTIFIER = PaidPlanet.IOS;
				PRODUCT_NAME = "$(TARGET_NAME)";
				SWIFT_EMIT_LOC_STRINGS = YES;
				SWIFT_VERSION = 5.0;
				TARGETED_DEVICE_FAMILY = "1,2";
			};
			name = Release;
		};
		063D82DC2A0AFFE5002449F4 /* Debug */ = {
			isa = XCBuildConfiguration;
			buildSettings = {
				ALWAYS_EMBED_SWIFT_STANDARD_LIBRARIES = YES;
				BUNDLE_LOADER = "$(TEST_HOST)";
				CODE_SIGN_STYLE = Automatic;
				CURRENT_PROJECT_VERSION = 1;
				GENERATE_INFOPLIST_FILE = YES;
				IPHONEOS_DEPLOYMENT_TARGET = 16.4;
				MARKETING_VERSION = 1.0;
				PRODUCT_BUNDLE_IDENTIFIER = PaidPlanet.IOSTests;
				PRODUCT_NAME = "$(TARGET_NAME)";
				SWIFT_EMIT_LOC_STRINGS = NO;
				SWIFT_VERSION = 5.0;
				TARGETED_DEVICE_FAMILY = "1,2";
				TEST_HOST = "$(BUILT_PRODUCTS_DIR)/IOS.app/$(BUNDLE_EXECUTABLE_FOLDER_PATH)/IOS";
			};
			name = Debug;
		};
		063D82DD2A0AFFE5002449F4 /* Release */ = {
			isa = XCBuildConfiguration;
			buildSettings = {
				ALWAYS_EMBED_SWIFT_STANDARD_LIBRARIES = YES;
				BUNDLE_LOADER = "$(TEST_HOST)";
				CODE_SIGN_STYLE = Automatic;
				CURRENT_PROJECT_VERSION = 1;
				GENERATE_INFOPLIST_FILE = YES;
				IPHONEOS_DEPLOYMENT_TARGET = 16.4;
				MARKETING_VERSION = 1.0;
				PRODUCT_BUNDLE_IDENTIFIER = PaidPlanet.IOSTests;
				PRODUCT_NAME = "$(TARGET_NAME)";
				SWIFT_EMIT_LOC_STRINGS = NO;
				SWIFT_VERSION = 5.0;
				TARGETED_DEVICE_FAMILY = "1,2";
				TEST_HOST = "$(BUILT_PRODUCTS_DIR)/IOS.app/$(BUNDLE_EXECUTABLE_FOLDER_PATH)/IOS";
			};
			name = Release;
		};
		063D82DF2A0AFFE5002449F4 /* Debug */ = {
			isa = XCBuildConfiguration;
			buildSettings = {
				ALWAYS_EMBED_SWIFT_STANDARD_LIBRARIES = YES;
				CODE_SIGN_STYLE = Automatic;
				CURRENT_PROJECT_VERSION = 1;
				GENERATE_INFOPLIST_FILE = YES;
				MARKETING_VERSION = 1.0;
				PRODUCT_BUNDLE_IDENTIFIER = PaidPlanet.IOSUITests;
				PRODUCT_NAME = "$(TARGET_NAME)";
				SWIFT_EMIT_LOC_STRINGS = NO;
				SWIFT_VERSION = 5.0;
				TARGETED_DEVICE_FAMILY = "1,2";
				TEST_TARGET_NAME = IOS;
			};
			name = Debug;
		};
		063D82E02A0AFFE5002449F4 /* Release */ = {
			isa = XCBuildConfiguration;
			buildSettings = {
				ALWAYS_EMBED_SWIFT_STANDARD_LIBRARIES = YES;
				CODE_SIGN_STYLE = Automatic;
				CURRENT_PROJECT_VERSION = 1;
				GENERATE_INFOPLIST_FILE = YES;
				MARKETING_VERSION = 1.0;
				PRODUCT_BUNDLE_IDENTIFIER = PaidPlanet.IOSUITests;
				PRODUCT_NAME = "$(TARGET_NAME)";
				SWIFT_EMIT_LOC_STRINGS = NO;
				SWIFT_VERSION = 5.0;
				TARGETED_DEVICE_FAMILY = "1,2";
				TEST_TARGET_NAME = IOS;
			};
			name = Release;
		};
/* End XCBuildConfiguration section */

/* Begin XCConfigurationList section */
		063D82AF2A0AFFE4002449F4 /* Build configuration list for PBXProject "IOS" */ = {
			isa = XCConfigurationList;
			buildConfigurations = (
				063D82D62A0AFFE5002449F4 /* Debug */,
				063D82D72A0AFFE5002449F4 /* Release */,
			);
			defaultConfigurationIsVisible = 0;
			defaultConfigurationName = Release;
		};
		063D82D82A0AFFE5002449F4 /* Build configuration list for PBXNativeTarget "IOS" */ = {
			isa = XCConfigurationList;
			buildConfigurations = (
				063D82D92A0AFFE5002449F4 /* Debug */,
				063D82DA2A0AFFE5002449F4 /* Release */,
			);
			defaultConfigurationIsVisible = 0;
			defaultConfigurationName = Release;
		};
		063D82DB2A0AFFE5002449F4 /* Build configuration list for PBXNativeTarget "IOSTests" */ = {
			isa = XCConfigurationList;
			buildConfigurations = (
				063D82DC2A0AFFE5002449F4 /* Debug */,
				063D82DD2A0AFFE5002449F4 /* Release */,
			);
			defaultConfigurationIsVisible = 0;
			defaultConfigurationName = Release;
		};
		063D82DE2A0AFFE5002449F4 /* Build configuration list for PBXNativeTarget "IOSUITests" */ = {
			isa = XCConfigurationList;
			buildConfigurations = (
				063D82DF2A0AFFE5002449F4 /* Debug */,
				063D82E02A0AFFE5002449F4 /* Release */,
			);
			defaultConfigurationIsVisible = 0;
			defaultConfigurationName = Release;
		};
/* End XCConfigurationList section */

/* Begin XCRemoteSwiftPackageReference section */
		063D82E32A0C382B002449F4 /* XCRemoteSwiftPackageReference "firebase-ios-sdk" */ = {
			isa = XCRemoteSwiftPackageReference;
			repositoryURL = "https://github.com/firebase/firebase-ios-sdk.git";
			requirement = {
				kind = upToNextMajorVersion;
				minimumVersion = 10.0.0;
			};
		};
		0675124C2A5BA4AB000E19F5 /* XCRemoteSwiftPackageReference "SwiftUIX" */ = {
			isa = XCRemoteSwiftPackageReference;
			repositoryURL = "https://github.com/SwiftUIX/SwiftUIX";
			requirement = {
				kind = upToNextMajorVersion;
				minimumVersion = 0.1.5;
			};
		};
		06C668612A46754000746229 /* XCRemoteSwiftPackageReference "TabBar" */ = {
			isa = XCRemoteSwiftPackageReference;
			repositoryURL = "https://github.com/onl1ner/TabBar.git";
			requirement = {
				kind = upToNextMajorVersion;
				minimumVersion = 1.0.0;
			};
		};
		06C668772A4BD7BD00746229 /* XCRemoteSwiftPackageReference "TopTabBar-iOS-Component" */ = {
			isa = XCRemoteSwiftPackageReference;
			repositoryURL = "https://github.com/Coffee-IT-Development/TopTabBar-iOS-Component";
			requirement = {
				kind = upToNextMajorVersion;
				minimumVersion = 1.0.0;
			};
		};
/* End XCRemoteSwiftPackageReference section */

/* Begin XCSwiftPackageProductDependency section */
		063D82E42A0C382B002449F4 /* FirebaseAnalytics */ = {
			isa = XCSwiftPackageProductDependency;
			package = 063D82E32A0C382B002449F4 /* XCRemoteSwiftPackageReference "firebase-ios-sdk" */;
			productName = FirebaseAnalytics;
		};
		063D82E62A0C382B002449F4 /* FirebaseAnalyticsOnDeviceConversion */ = {
			isa = XCSwiftPackageProductDependency;
			package = 063D82E32A0C382B002449F4 /* XCRemoteSwiftPackageReference "firebase-ios-sdk" */;
			productName = FirebaseAnalyticsOnDeviceConversion;
		};
		063D82E82A0C382B002449F4 /* FirebaseAnalyticsSwift */ = {
			isa = XCSwiftPackageProductDependency;
			package = 063D82E32A0C382B002449F4 /* XCRemoteSwiftPackageReference "firebase-ios-sdk" */;
			productName = FirebaseAnalyticsSwift;
		};
		063D82EA2A0C382B002449F4 /* FirebaseAnalyticsWithoutAdIdSupport */ = {
			isa = XCSwiftPackageProductDependency;
			package = 063D82E32A0C382B002449F4 /* XCRemoteSwiftPackageReference "firebase-ios-sdk" */;
			productName = FirebaseAnalyticsWithoutAdIdSupport;
		};
		063D82EC2A0C382B002449F4 /* FirebaseAppCheck */ = {
			isa = XCSwiftPackageProductDependency;
			package = 063D82E32A0C382B002449F4 /* XCRemoteSwiftPackageReference "firebase-ios-sdk" */;
			productName = FirebaseAppCheck;
		};
		063D82EE2A0C382B002449F4 /* FirebaseAppDistribution-Beta */ = {
			isa = XCSwiftPackageProductDependency;
			package = 063D82E32A0C382B002449F4 /* XCRemoteSwiftPackageReference "firebase-ios-sdk" */;
			productName = "FirebaseAppDistribution-Beta";
		};
		063D82F02A0C382B002449F4 /* FirebaseAuth */ = {
			isa = XCSwiftPackageProductDependency;
			package = 063D82E32A0C382B002449F4 /* XCRemoteSwiftPackageReference "firebase-ios-sdk" */;
			productName = FirebaseAuth;
		};
		063D82F22A0C382B002449F4 /* FirebaseAuthCombine-Community */ = {
			isa = XCSwiftPackageProductDependency;
			package = 063D82E32A0C382B002449F4 /* XCRemoteSwiftPackageReference "firebase-ios-sdk" */;
			productName = "FirebaseAuthCombine-Community";
		};
		063D82F42A0C382B002449F4 /* FirebaseCrashlytics */ = {
			isa = XCSwiftPackageProductDependency;
			package = 063D82E32A0C382B002449F4 /* XCRemoteSwiftPackageReference "firebase-ios-sdk" */;
			productName = FirebaseCrashlytics;
		};
		063D82F62A0C382B002449F4 /* FirebaseDatabase */ = {
			isa = XCSwiftPackageProductDependency;
			package = 063D82E32A0C382B002449F4 /* XCRemoteSwiftPackageReference "firebase-ios-sdk" */;
			productName = FirebaseDatabase;
		};
		063D82F82A0C382B002449F4 /* FirebaseDatabaseSwift */ = {
			isa = XCSwiftPackageProductDependency;
			package = 063D82E32A0C382B002449F4 /* XCRemoteSwiftPackageReference "firebase-ios-sdk" */;
			productName = FirebaseDatabaseSwift;
		};
		063D82FA2A0C382B002449F4 /* FirebaseDynamicLinks */ = {
			isa = XCSwiftPackageProductDependency;
			package = 063D82E32A0C382B002449F4 /* XCRemoteSwiftPackageReference "firebase-ios-sdk" */;
			productName = FirebaseDynamicLinks;
		};
		063D82FC2A0C382B002449F4 /* FirebaseFirestore */ = {
			isa = XCSwiftPackageProductDependency;
			package = 063D82E32A0C382B002449F4 /* XCRemoteSwiftPackageReference "firebase-ios-sdk" */;
			productName = FirebaseFirestore;
		};
		063D82FE2A0C382B002449F4 /* FirebaseFirestoreCombine-Community */ = {
			isa = XCSwiftPackageProductDependency;
			package = 063D82E32A0C382B002449F4 /* XCRemoteSwiftPackageReference "firebase-ios-sdk" */;
			productName = "FirebaseFirestoreCombine-Community";
		};
		063D83002A0C382B002449F4 /* FirebaseFirestoreSwift */ = {
			isa = XCSwiftPackageProductDependency;
			package = 063D82E32A0C382B002449F4 /* XCRemoteSwiftPackageReference "firebase-ios-sdk" */;
			productName = FirebaseFirestoreSwift;
		};
		063D83022A0C382B002449F4 /* FirebaseFunctions */ = {
			isa = XCSwiftPackageProductDependency;
			package = 063D82E32A0C382B002449F4 /* XCRemoteSwiftPackageReference "firebase-ios-sdk" */;
			productName = FirebaseFunctions;
		};
		063D83042A0C382B002449F4 /* FirebaseFunctionsCombine-Community */ = {
			isa = XCSwiftPackageProductDependency;
			package = 063D82E32A0C382B002449F4 /* XCRemoteSwiftPackageReference "firebase-ios-sdk" */;
			productName = "FirebaseFunctionsCombine-Community";
		};
		063D83062A0C382B002449F4 /* FirebaseInAppMessaging-Beta */ = {
			isa = XCSwiftPackageProductDependency;
			package = 063D82E32A0C382B002449F4 /* XCRemoteSwiftPackageReference "firebase-ios-sdk" */;
			productName = "FirebaseInAppMessaging-Beta";
		};
		063D83082A0C382B002449F4 /* FirebaseInAppMessagingSwift-Beta */ = {
			isa = XCSwiftPackageProductDependency;
			package = 063D82E32A0C382B002449F4 /* XCRemoteSwiftPackageReference "firebase-ios-sdk" */;
			productName = "FirebaseInAppMessagingSwift-Beta";
		};
		063D830A2A0C382B002449F4 /* FirebaseInstallations */ = {
			isa = XCSwiftPackageProductDependency;
			package = 063D82E32A0C382B002449F4 /* XCRemoteSwiftPackageReference "firebase-ios-sdk" */;
			productName = FirebaseInstallations;
		};
		063D830C2A0C382B002449F4 /* FirebaseMLModelDownloader */ = {
			isa = XCSwiftPackageProductDependency;
			package = 063D82E32A0C382B002449F4 /* XCRemoteSwiftPackageReference "firebase-ios-sdk" */;
			productName = FirebaseMLModelDownloader;
		};
		063D830E2A0C382B002449F4 /* FirebaseMessaging */ = {
			isa = XCSwiftPackageProductDependency;
			package = 063D82E32A0C382B002449F4 /* XCRemoteSwiftPackageReference "firebase-ios-sdk" */;
			productName = FirebaseMessaging;
		};
		063D83102A0C382B002449F4 /* FirebasePerformance */ = {
			isa = XCSwiftPackageProductDependency;
			package = 063D82E32A0C382B002449F4 /* XCRemoteSwiftPackageReference "firebase-ios-sdk" */;
			productName = FirebasePerformance;
		};
		063D83122A0C382B002449F4 /* FirebaseRemoteConfig */ = {
			isa = XCSwiftPackageProductDependency;
			package = 063D82E32A0C382B002449F4 /* XCRemoteSwiftPackageReference "firebase-ios-sdk" */;
			productName = FirebaseRemoteConfig;
		};
		063D83142A0C382B002449F4 /* FirebaseRemoteConfigSwift */ = {
			isa = XCSwiftPackageProductDependency;
			package = 063D82E32A0C382B002449F4 /* XCRemoteSwiftPackageReference "firebase-ios-sdk" */;
			productName = FirebaseRemoteConfigSwift;
		};
		063D83162A0C382B002449F4 /* FirebaseStorage */ = {
			isa = XCSwiftPackageProductDependency;
			package = 063D82E32A0C382B002449F4 /* XCRemoteSwiftPackageReference "firebase-ios-sdk" */;
			productName = FirebaseStorage;
		};
		063D83182A0C382B002449F4 /* FirebaseStorageCombine-Community */ = {
			isa = XCSwiftPackageProductDependency;
			package = 063D82E32A0C382B002449F4 /* XCRemoteSwiftPackageReference "firebase-ios-sdk" */;
			productName = "FirebaseStorageCombine-Community";
		};
		0675124D2A5BA4AB000E19F5 /* SwiftUIX */ = {
			isa = XCSwiftPackageProductDependency;
			package = 0675124C2A5BA4AB000E19F5 /* XCRemoteSwiftPackageReference "SwiftUIX" */;
			productName = SwiftUIX;
		};
		06C668622A46754000746229 /* TabBar */ = {
			isa = XCSwiftPackageProductDependency;
			package = 06C668612A46754000746229 /* XCRemoteSwiftPackageReference "TabBar" */;
			productName = TabBar;
		};
		06C668782A4BD7BD00746229 /* CITTopTabBar */ = {
			isa = XCSwiftPackageProductDependency;
			package = 06C668772A4BD7BD00746229 /* XCRemoteSwiftPackageReference "TopTabBar-iOS-Component" */;
			productName = CITTopTabBar;
		};
/* End XCSwiftPackageProductDependency section */
	};
	rootObject = 063D82AC2A0AFFE4002449F4 /* Project object */;
}
